// !$*UTF8*$!
{
	archiveVersion = 1;
	classes = {
	};
	objectVersion = 46;
	objects = {

/* Begin PBXBuildFile section */
		189265DC1A5F9D5F00CB98B0 /* main.m in Sources */ = {isa = PBXBuildFile; fileRef = 189265DB1A5F9D5F00CB98B0 /* main.m */; };
		189265DF1A5F9D5F00CB98B0 /* AppDelegate.m in Sources */ = {isa = PBXBuildFile; fileRef = 189265DE1A5F9D5F00CB98B0 /* AppDelegate.m */; };
		189265E21A5F9D5F00CB98B0 /* CoreDataTest.xcdatamodeld in Sources */ = {isa = PBXBuildFile; fileRef = 189265E01A5F9D5F00CB98B0 /* CoreDataTest.xcdatamodeld */; };
		189265E51A5F9D5F00CB98B0 /* ViewController.m in Sources */ = {isa = PBXBuildFile; fileRef = 189265E41A5F9D5F00CB98B0 /* ViewController.m */; };
		189265E81A5F9D5F00CB98B0 /* Main.storyboard in Resources */ = {isa = PBXBuildFile; fileRef = 189265E61A5F9D5F00CB98B0 /* Main.storyboard */; };
		189265EA1A5F9D5F00CB98B0 /* Images.xcassets in Resources */ = {isa = PBXBuildFile; fileRef = 189265E91A5F9D5F00CB98B0 /* Images.xcassets */; };
		189265ED1A5F9D5F00CB98B0 /* LaunchScreen.xib in Resources */ = {isa = PBXBuildFile; fileRef = 189265EB1A5F9D5F00CB98B0 /* LaunchScreen.xib */; };
		189265F91A5F9D5F00CB98B0 /* CoreDataTestTests.m in Sources */ = {isa = PBXBuildFile; fileRef = 189265F81A5F9D5F00CB98B0 /* CoreDataTestTests.m */; };
		189266041A5F9EDC00CB98B0 /* User.m in Sources */ = {isa = PBXBuildFile; fileRef = 189266031A5F9EDC00CB98B0 /* User.m */; };
		189266071A5F9EDC00CB98B0 /* Department.m in Sources */ = {isa = PBXBuildFile; fileRef = 189266061A5F9EDC00CB98B0 /* Department.m */; };
/* End PBXBuildFile section */

/* Begin PBXContainerItemProxy section */
		189265F31A5F9D5F00CB98B0 /* PBXContainerItemProxy */ = {
			isa = PBXContainerItemProxy;
			containerPortal = 189265CE1A5F9D5F00CB98B0 /* Project object */;
			proxyType = 1;
			remoteGlobalIDString = 189265D51A5F9D5F00CB98B0;
			remoteInfo = CoreDataTest;
		};
/* End PBXContainerItemProxy section */

/* Begin PBXFileReference section */
		189265D61A5F9D5F00CB98B0 /* CoreDataTest.app */ = {isa = PBXFileReference; explicitFileType = wrapper.application; includeInIndex = 0; path = CoreDataTest.app; sourceTree = BUILT_PRODUCTS_DIR; };
		189265DA1A5F9D5F00CB98B0 /* Info.plist */ = {isa = PBXFileReference; lastKnownFileType = text.plist.xml; path = Info.plist; sourceTree = "<group>"; };
		189265DB1A5F9D5F00CB98B0 /* main.m */ = {isa = PBXFileReference; lastKnownFileType = sourcecode.c.objc; path = main.m; sourceTree = "<group>"; };
		189265DD1A5F9D5F00CB98B0 /* AppDelegate.h */ = {isa = PBXFileReference; lastKnownFileType = sourcecode.c.h; path = AppDelegate.h; sourceTree = "<group>"; };
		189265DE1A5F9D5F00CB98B0 /* AppDelegate.m */ = {isa = PBXFileReference; lastKnownFileType = sourcecode.c.objc; path = AppDelegate.m; sourceTree = "<group>"; };
		189265E11A5F9D5F00CB98B0 /* CoreDataTest.xcdatamodel */ = {isa = PBXFileReference; lastKnownFileType = wrapper.xcdatamodel; path = CoreDataTest.xcdatamodel; sourceTree = "<group>"; };
		189265E31A5F9D5F00CB98B0 /* ViewController.h */ = {isa = PBXFileReference; lastKnownFileType = sourcecode.c.h; path = ViewController.h; sourceTree = "<group>"; };
		189265E41A5F9D5F00CB98B0 /* ViewController.m */ = {isa = PBXFileReference; lastKnownFileType = sourcecode.c.objc; path = ViewController.m; sourceTree = "<group>"; };
		189265E71A5F9D5F00CB98B0 /* Base */ = {isa = PBXFileReference; lastKnownFileType = file.storyboard; name = Base; path = Base.lproj/Main.storyboard; sourceTree = "<group>"; };
		189265E91A5F9D5F00CB98B0 /* Images.xcassets */ = {isa = PBXFileReference; lastKnownFileType = folder.assetcatalog; path = Images.xcassets; sourceTree = "<group>"; };
		189265EC1A5F9D5F00CB98B0 /* Base */ = {isa = PBXFileReference; lastKnownFileType = file.xib; name = Base; path = Base.lproj/LaunchScreen.xib; sourceTree = "<group>"; };
		189265F21A5F9D5F00CB98B0 /* CoreDataTestTests.xctest */ = {isa = PBXFileReference; explicitFileType = wrapper.cfbundle; includeInIndex = 0; path = CoreDataTestTests.xctest; sourceTree = BUILT_PRODUCTS_DIR; };
		189265F71A5F9D5F00CB98B0 /* Info.plist */ = {isa = PBXFileReference; lastKnownFileType = text.plist.xml; path = Info.plist; sourceTree = "<group>"; };
		189265F81A5F9D5F00CB98B0 /* CoreDataTestTests.m */ = {isa = PBXFileReference; lastKnownFileType = sourcecode.c.objc; path = CoreDataTestTests.m; sourceTree = "<group>"; };
		189266021A5F9EDC00CB98B0 /* User.h */ = {isa = PBXFileReference; fileEncoding = 4; lastKnownFileType = sourcecode.c.h; path = User.h; sourceTree = "<group>"; };
		189266031A5F9EDC00CB98B0 /* User.m */ = {isa = PBXFileReference; fileEncoding = 4; lastKnownFileType = sourcecode.c.objc; path = User.m; sourceTree = "<group>"; };
		189266051A5F9EDC00CB98B0 /* Department.h */ = {isa = PBXFileReference; fileEncoding = 4; lastKnownFileType = sourcecode.c.h; path = Department.h; sourceTree = "<group>"; };
		189266061A5F9EDC00CB98B0 /* Department.m */ = {isa = PBXFileReference; fileEncoding = 4; lastKnownFileType = sourcecode.c.objc; path = Department.m; sourceTree = "<group>"; };
/* End PBXFileReference section */

/* Begin PBXFrameworksBuildPhase section */
		189265D31A5F9D5F00CB98B0 /* Frameworks */ = {
			isa = PBXFrameworksBuildPhase;
			buildActionMask = 2147483647;
			files = (
			);
			runOnlyForDeploymentPostprocessing = 0;
		};
		189265EF1A5F9D5F00CB98B0 /* Frameworks */ = {
			isa = PBXFrameworksBuildPhase;
			buildActionMask = 2147483647;
			files = (
			);
			runOnlyForDeploymentPostprocessing = 0;
		};
/* End PBXFrameworksBuildPhase section */

/* Begin PBXGroup section */
		189265CD1A5F9D5F00CB98B0 = {
			isa = PBXGroup;
			children = (
				189265D81A5F9D5F00CB98B0 /* CoreDataTest */,
				189265F51A5F9D5F00CB98B0 /* CoreDataTestTests */,
				189265D71A5F9D5F00CB98B0 /* Products */,
			);
			sourceTree = "<group>";
		};
		189265D71A5F9D5F00CB98B0 /* Products */ = {
			isa = PBXGroup;
			children = (
				189265D61A5F9D5F00CB98B0 /* CoreDataTest.app */,
				189265F21A5F9D5F00CB98B0 /* CoreDataTestTests.xctest */,
			);
			name = Products;
			sourceTree = "<group>";
		};
		189265D81A5F9D5F00CB98B0 /* CoreDataTest */ = {
			isa = PBXGroup;
			children = (
				189265DD1A5F9D5F00CB98B0 /* AppDelegate.h */,
				189265DE1A5F9D5F00CB98B0 /* AppDelegate.m */,
				189265E31A5F9D5F00CB98B0 /* ViewController.h */,
				189265E41A5F9D5F00CB98B0 /* ViewController.m */,
				189265E61A5F9D5F00CB98B0 /* Main.storyboard */,
				189265E91A5F9D5F00CB98B0 /* Images.xcassets */,
				189265EB1A5F9D5F00CB98B0 /* LaunchScreen.xib */,
				189265E01A5F9D5F00CB98B0 /* CoreDataTest.xcdatamodeld */,
				189266051A5F9EDC00CB98B0 /* Department.h */,
				189266061A5F9EDC00CB98B0 /* Department.m */,
				189266021A5F9EDC00CB98B0 /* User.h */,
				189266031A5F9EDC00CB98B0 /* User.m */,
				189265D91A5F9D5F00CB98B0 /* Supporting Files */,
			);
			path = CoreDataTest;
			sourceTree = "<group>";
		};
		189265D91A5F9D5F00CB98B0 /* Supporting Files */ = {
			isa = PBXGroup;
			children = (
				189265DA1A5F9D5F00CB98B0 /* Info.plist */,
				189265DB1A5F9D5F00CB98B0 /* main.m */,
			);
			name = "Supporting Files";
			sourceTree = "<group>";
		};
		189265F51A5F9D5F00CB98B0 /* CoreDataTestTests */ = {
			isa = PBXGroup;
			children = (
				189265F81A5F9D5F00CB98B0 /* CoreDataTestTests.m */,
				189265F61A5F9D5F00CB98B0 /* Supporting Files */,
			);
			path = CoreDataTestTests;
			sourceTree = "<group>";
		};
		189265F61A5F9D5F00CB98B0 /* Supporting Files */ = {
			isa = PBXGroup;
			children = (
				189265F71A5F9D5F00CB98B0 /* Info.plist */,
			);
			name = "Supporting Files";
			sourceTree = "<group>";
		};
/* End PBXGroup section */

/* Begin PBXNativeTarget section */
		189265D51A5F9D5F00CB98B0 /* CoreDataTest */ = {
			isa = PBXNativeTarget;
			buildConfigurationList = 189265FC1A5F9D5F00CB98B0 /* Build configuration list for PBXNativeTarget "CoreDataTest" */;
			buildPhases = (
				189265D21A5F9D5F00CB98B0 /* Sources */,
				189265D31A5F9D5F00CB98B0 /* Frameworks */,
				189265D41A5F9D5F00CB98B0 /* Resources */,
			);
			buildRules = (
			);
			dependencies = (
			);
			name = CoreDataTest;
			productName = CoreDataTest;
			productReference = 189265D61A5F9D5F00CB98B0 /* CoreDataTest.app */;
			productType = "com.apple.product-type.application";
		};
		189265F11A5F9D5F00CB98B0 /* CoreDataTestTests */ = {
			isa = PBXNativeTarget;
			buildConfigurationList = 189265FF1A5F9D5F00CB98B0 /* Build configuration list for PBXNativeTarget "CoreDataTestTests" */;
			buildPhases = (
				189265EE1A5F9D5F00CB98B0 /* Sources */,
				189265EF1A5F9D5F00CB98B0 /* Frameworks */,
				189265F01A5F9D5F00CB98B0 /* Resources */,
			);
			buildRules = (
			);
			dependencies = (
				189265F41A5F9D5F00CB98B0 /* PBXTargetDependency */,
			);
			name = CoreDataTestTests;
			productName = CoreDataTestTests;
			productReference = 189265F21A5F9D5F00CB98B0 /* CoreDataTestTests.xctest */;
			productType = "com.apple.product-type.bundle.unit-test";
		};
/* End PBXNativeTarget section */

/* Begin PBXProject section */
		189265CE1A5F9D5F00CB98B0 /* Project object */ = {
			isa = PBXProject;
			attributes = {
				LastUpgradeCheck = 0610;
				ORGANIZATIONNAME = xuzhanqian;
				TargetAttributes = {
					189265D51A5F9D5F00CB98B0 = {
						CreatedOnToolsVersion = 6.1.1;
					};
					189265F11A5F9D5F00CB98B0 = {
						CreatedOnToolsVersion = 6.1.1;
						TestTargetID = 189265D51A5F9D5F00CB98B0;
					};
				};
			};
			buildConfigurationList = 189265D11A5F9D5F00CB98B0 /* Build configuration list for PBXProject "CoreDataTest" */;
			compatibilityVersion = "Xcode 3.2";
			developmentRegion = English;
			hasScannedForEncodings = 0;
			knownRegions = (
				en,
				Base,
			);
			mainGroup = 189265CD1A5F9D5F00CB98B0;
			productRefGroup = 189265D71A5F9D5F00CB98B0 /* Products */;
			projectDirPath = "";
			projectRoot = "";
			targets = (
				189265D51A5F9D5F00CB98B0 /* CoreDataTest */,
				189265F11A5F9D5F00CB98B0 /* CoreDataTestTests */,
			);
		};
/* End PBXProject section */

/* Begin PBXResourcesBuildPhase section */
		189265D41A5F9D5F00CB98B0 /* Resources */ = {
			isa = PBXResourcesBuildPhase;
			buildActionMask = 2147483647;
			files = (
				189265E81A5F9D5F00CB98B0 /* Main.storyboard in Resources */,
				189265ED1A5F9D5F00CB98B0 /* LaunchScreen.xib in Resources */,
				189265EA1A5F9D5F00CB98B0 /* Images.xcassets in Resources */,
			);
			runOnlyForDeploymentPostprocessing = 0;
		};
		189265F01A5F9D5F00CB98B0 /* Resources */ = {
			isa = PBXResourcesBuildPhase;
			buildActionMask = 2147483647;
			files = (
			);
			runOnlyForDeploymentPostprocessing = 0;
		};
/* End PBXResourcesBuildPhase section */

/* Begin PBXSourcesBuildPhase section */
		189265D21A5F9D5F00CB98B0 /* Sources */ = {
			isa = PBXSourcesBuildPhase;
			buildActionMask = 2147483647;
			files = (
				189266041A5F9EDC00CB98B0 /* User.m in Sources */,
				189265DF1A5F9D5F00CB98B0 /* AppDelegate.m in Sources */,
				189265E21A5F9D5F00CB98B0 /* CoreDataTest.xcdatamodeld in Sources */,
				189265E51A5F9D5F00CB98B0 /* ViewController.m in Sources */,
				189265DC1A5F9D5F00CB98B0 /* main.m in Sources */,
				189266071A5F9EDC00CB98B0 /* Department.m in Sources */,
			);
			runOnlyForDeploymentPostprocessing = 0;
		};
		189265EE1A5F9D5F00CB98B0 /* Sources */ = {
			isa = PBXSourcesBuildPhase;
			buildActionMask = 2147483647;
			files = (
				189265F91A5F9D5F00CB98B0 /* CoreDataTestTests.m in Sources */,
			);
			runOnlyForDeploymentPostprocessing = 0;
		};
/* End PBXSourcesBuildPhase section */

/* Begin PBXTargetDependency section */
		189265F41A5F9D5F00CB98B0 /* PBXTargetDependency */ = {
			isa = PBXTargetDependency;
			target = 189265D51A5F9D5F00CB98B0 /* CoreDataTest */;
			targetProxy = 189265F31A5F9D5F00CB98B0 /* PBXContainerItemProxy */;
		};
/* End PBXTargetDependency section */

/* Begin PBXVariantGroup section */
		189265E61A5F9D5F00CB98B0 /* Main.storyboard */ = {
			isa = PBXVariantGroup;
			children = (
				189265E71A5F9D5F00CB98B0 /* Base */,
			);
			name = Main.storyboard;
			sourceTree = "<group>";
		};
		189265EB1A5F9D5F00CB98B0 /* LaunchScreen.xib */ = {
			isa = PBXVariantGroup;
			children = (
				189265EC1A5F9D5F00CB98B0 /* Base */,
			);
			name = LaunchScreen.xib;
			sourceTree = "<group>";
		};
/* End PBXVariantGroup section */

/* Begin XCBuildConfiguration section */
		189265FA1A5F9D5F00CB98B0 /* Debug */ = {
			isa = XCBuildConfiguration;
			buildSettings = {
				ALWAYS_SEARCH_USER_PATHS = NO;
				CLANG_CXX_LANGUAGE_STANDARD = "gnu++0x";
				CLANG_CXX_LIBRARY = "libc++";
				CLANG_ENABLE_MODULES = YES;
				CLANG_ENABLE_OBJC_ARC = YES;
				CLANG_WARN_BOOL_CONVERSION = YES;
				CLANG_WARN_CONSTANT_CONVERSION = YES;
				CLANG_WARN_DIRECT_OBJC_ISA_USAGE = YES_ERROR;
				CLANG_WARN_EMPTY_BODY = YES;
				CLANG_WARN_ENUM_CONVERSION = YES;
				CLANG_WARN_INT_CONVERSION = YES;
				CLANG_WARN_OBJC_ROOT_CLASS = YES_ERROR;
				CLANG_WARN_UNREACHABLE_CODE = YES;
				CLANG_WARN__DUPLICATE_METHOD_MATCH = YES;
				"CODE_SIGN_IDENTITY[sdk=iphoneos*]" = "iPhone Developer";
				COPY_PHASE_STRIP = NO;
				ENABLE_STRICT_OBJC_MSGSEND = YES;
				GCC_C_LANGUAGE_STANDARD = gnu99;
				GCC_DYNAMIC_NO_PIC = NO;
				GCC_OPTIMIZATION_LEVEL = 0;
				GCC_PREPROCESSOR_DEFINITIONS = (
					"DEBUG=1",
					"$(inherited)",
				);
				GCC_SYMBOLS_PRIVATE_EXTERN = NO;
				GCC_WARN_64_TO_32_BIT_CONVERSION = YES;
				GCC_WARN_ABOUT_RETURN_TYPE = YES_ERROR;
				GCC_WARN_UNDECLARED_SELECTOR = YES;
				GCC_WARN_UNINITIALIZED_AUTOS = YES_AGGRESSIVE;
				GCC_WARN_UNUSED_FUNCTION = YES;
				GCC_WARN_UNUSED_VARIABLE = YES;
				IPHONEOS_DEPLOYMENT_TARGET = 8.1;
				MTL_ENABLE_DEBUG_INFO = YES;
				ONLY_ACTIVE_ARCH = YES;
				SDKROOT = iphoneos;
			};
			name = Debug;
		};
		189265FB1A5F9D5F00CB98B0 /* Release */ = {
			isa = XCBuildConfiguration;
			buildSettings = {
				ALWAYS_SEARCH_USER_PATHS = NO;
				CLANG_CXX_LANGUAGE_STANDARD = "gnu++0x";
				CLANG_CXX_LIBRARY = "libc++";
				CLANG_ENABLE_MODULES = YES;
				CLANG_ENABLE_OBJC_ARC = YES;
				CLANG_WARN_BOOL_CONVERSION = YES;
				CLANG_WARN_CONSTANT_CONVERSION = YES;
				CLANG_WARN_DIRECT_OBJC_ISA_USAGE = YES_ERROR;
				CLANG_WARN_EMPTY_BODY = YES;
				CLANG_WARN_ENUM_CONVERSION = YES;
				CLANG_WARN_INT_CONVERSION = YES;
				CLANG_WARN_OBJC_ROOT_CLASS = YES_ERROR;
				CLANG_WARN_UNREACHABLE_CODE = YES;
				CLANG_WARN__DUPLICATE_METHOD_MATCH = YES;
				"CODE_SIGN_IDENTITY[sdk=iphoneos*]" = "iPhone Developer";
				COPY_PHASE_STRIP = YES;
				ENABLE_NS_ASSERTIONS = NO;
				ENABLE_STRICT_OBJC_MSGSEND = YES;
				GCC_C_LANGUAGE_STANDARD = gnu99;
				GCC_WARN_64_TO_32_BIT_CONVERSION = YES;
				GCC_WARN_ABOUT_RETURN_TYPE = YES_ERROR;
				GCC_WARN_UNDECLARED_SELECTOR = YES;
				GCC_WARN_UNINITIALIZED_AUTOS = YES_AGGRESSIVE;
				GCC_WARN_UNUSED_FUNCTION = YES;
				GCC_WARN_UNUSED_VARIABLE = YES;
				IPHONEOS_DEPLOYMENT_TARGET = 8.1;
				MTL_ENABLE_DEBUG_INFO = NO;
				SDKROOT = iphoneos;
				VALIDATE_PRODUCT = YES;
			};
			name = Release;
		};
		189265FD1A5F9D5F00CB98B0 /* Debug */ = {
			isa = XCBuildConfiguration;
			buildSettings = {
				ASSETCATALOG_COMPILER_APPICON_NAME = AppIcon;
				INFOPLIST_FILE = CoreDataTest/Info.plist;
				LD_RUNPATH_SEARCH_PATHS = "$(inherited) @executable_path/Frameworks";
				PRODUCT_NAME = "$(TARGET_NAME)";
			};
			name = Debug;
		};
		189265FE1A5F9D5F00CB98B0 /* Release */ = {
			isa = XCBuildConfiguration;
			buildSettings = {
				ASSETCATALOG_COMPILER_APPICON_NAME = AppIcon;
				INFOPLIST_FILE = CoreDataTest/Info.plist;
				LD_RUNPATH_SEARCH_PATHS = "$(inherited) @executable_path/Frameworks";
				PRODUCT_NAME = "$(TARGET_NAME)";
			};
			name = Release;
		};
		189266001A5F9D5F00CB98B0 /* Debug */ = {
			isa = XCBuildConfiguration;
			buildSettings = {
				BUNDLE_LOADER = "$(TEST_HOST)";
				FRAMEWORK_SEARCH_PATHS = (
					"$(SDKROOT)/Developer/Library/Frameworks",
					"$(inherited)",
				);
				GCC_PREPROCESSOR_DEFINITIONS = (
					"DEBUG=1",
					"$(inherited)",
				);
				INFOPLIST_FILE = CoreDataTestTests/Info.plist;
				LD_RUNPATH_SEARCH_PATHS = "$(inherited) @executable_path/Frameworks @loader_path/Frameworks";
				PRODUCT_NAME = "$(TARGET_NAME)";
				TEST_HOST = "$(BUILT_PRODUCTS_DIR)/CoreDataTest.app/CoreDataTest";
			};
			name = Debug;
		};
		189266011A5F9D5F00CB98B0 /* Release */ = {
			isa = XCBuildConfiguration;
			buildSettings = {
				BUNDLE_LOADER = "$(TEST_HOST)";
				FRAMEWORK_SEARCH_PATHS = (
					"$(SDKROOT)/Developer/Library/Frameworks",
					"$(inherited)",
				);
				INFOPLIST_FILE = CoreDataTestTests/Info.plist;
				LD_RUNPATH_SEARCH_PATHS = "$(inherited) @executable_path/Frameworks @loader_path/Frameworks";
				PRODUCT_NAME = "$(TARGET_NAME)";
				TEST_HOST = "$(BUILT_PRODUCTS_DIR)/CoreDataTest.app/CoreDataTest";
			};
			name = Release;
		};
/* End XCBuildConfiguration section */

/* Begin XCConfigurationList section */
		189265D11A5F9D5F00CB98B0 /* Build configuration list for PBXProject "CoreDataTest" */ = {
			isa = XCConfigurationList;
			buildConfigurations = (
				189265FA1A5F9D5F00CB98B0 /* Debug */,
				189265FB1A5F9D5F00CB98B0 /* Release */,
			);
			defaultConfigurationIsVisible = 0;
			defaultConfigurationName = Release;
		};
		189265FC1A5F9D5F00CB98B0 /* Build configuration list for PBXNativeTarget "CoreDataTest" */ = {
			isa = XCConfigurationList;
			buildConfigurations = (
				189265FD1A5F9D5F00CB98B0 /* Debug */,
				189265FE1A5F9D5F00CB98B0 /* Release */,
			);
			defaultConfigurationIsVisible = 0;
		};
		189265FF1A5F9D5F00CB98B0 /* Build configuration list for PBXNativeTarget "CoreDataTestTests" */ = {
			isa = XCConfigurationList;
			buildConfigurations = (
				189266001A5F9D5F00CB98B0 /* Debug */,
				189266011A5F9D5F00CB98B0 /* Release */,
			);
			defaultConfigurationIsVisible = 0;
		};
/* End XCConfigurationList section */

/* Begin XCVersionGroup section */
		189265E01A5F9D5F00CB98B0 /* CoreDataTest.xcdatamodeld */ = {
			isa = XCVersionGroup;
			children = (
				189265E11A5F9D5F00CB98B0 /* CoreDataTest.xcdatamodel */,
			);
			currentVersion = 189265E11A5F9D5F00CB98B0 /* CoreDataTest.xcdatamodel */;
			path = CoreDataTest.xcdatamodeld;
			sourceTree = "<group>";
			versionGroupType = wrapper.xcdatamodel;
		};
/* End XCVersionGroup section */
	};
	rootObject = 189265CE1A5F9D5F00CB98B0 /* Project object */;
}
